
Microsoft Visual Studio Solution File, Format Version 12.00
# Visual Studio Version 16
VisualStudioVersion = 16.0.30011.22
MinimumVisualStudioVersion = 10.0.40219.1
Project("{9A19103F-16F7-4668-BE54-9A1E7A4F7556}") = "SqlBuilder", "SqlBuilder\SqlBuilder.csproj", "{F33B1E4D-FE7D-46BE-932A-C66532AF23F1}"
EndProject
Project("{9A19103F-16F7-4668-BE54-9A1E7A4F7556}") = "SqlBuilder.Tests", "SqlBuilder.Tests\SqlBuilder.Tests.csproj", "{32500049-FF12-4F86-B2ED-D8FFD8BC8D7D}"
EndProject
Project("{2150E333-8FDC-42A3-9474-1A3956D46DE8}") = "Documentation", "Documentation", "{F618CEBB-C3A2-412B-9012-F7B7E3CE2627}"
	ProjectSection(SolutionItems) = preProject
		README.md = README.md
	EndProjectSection
EndProject
Global
	GlobalSection(SolutionConfigurationPlatforms) = preSolution
		Debug|Any CPU = Debug|Any CPU
		Release|Any CPU = Release|Any CPU
	EndGlobalSection
	GlobalSection(ProjectConfigurationPlatforms) = postSolution
		{F33B1E4D-FE7D-46BE-932A-C66532AF23F1}.Debug|Any CPU.ActiveCfg = Debug|Any CPU
		{F33B1E4D-FE7D-46BE-932A-C66532AF23F1}.Debug|Any CPU.Build.0 = Debug|Any CPU
		{F33B1E4D-FE7D-46BE-932A-C66532AF23F1}.Release|Any CPU.ActiveCfg = Release|Any CPU
		{F33B1E4D-FE7D-46BE-932A-C66532AF23F1}.Release|Any CPU.Build.0 = Release|Any CPU
		{32500049-FF12-4F86-B2ED-D8FFD8BC8D7D}.Debug|Any CPU.ActiveCfg = Debug|Any CPU
		{32500049-FF12-4F86-B2ED-D8FFD8BC8D7D}.Debug|Any CPU.Build.0 = Debug|Any CPU
		{32500049-FF12-4F86-B2ED-D8FFD8BC8D7D}.Release|Any CPU.ActiveCfg = Release|Any CPU
		{32500049-FF12-4F86-B2ED-D8FFD8BC8D7D}.Release|Any CPU.Build.0 = Release|Any CPU
	EndGlobalSection
	GlobalSection(SolutionProperties) = preSolution
		HideSolutionNode = FALSE
	EndGlobalSection
	GlobalSection(ExtensibilityGlobals) = postSolution
		SolutionGuid = {73EC8092-AAF5-48B4-AD98-24347165C58A}
	EndGlobalSection
EndGlobal
